// !$*UTF8*$!
{
	archiveVersion = 1;
	classes = {
	};
	objectVersion = 55;
	objects = {

/* Begin PBXBuildFile section */
		0603EC0B1A24FF6436523989 /* libPods-8-Ball Without Actual Ball.a in Frameworks */ = {isa = PBXBuildFile; fileRef = 54C2653D917907A41CEB2116 /* libPods-8-Ball Without Actual Ball.a */; };
		86DF7DCE27A49240008DC47F /* ModelAnswerOnQuestion.swift in Sources */ = {isa = PBXBuildFile; fileRef = 86DF7DCD27A49240008DC47F /* ModelAnswerOnQuestion.swift */; };
		D1B259A227933F8E00D4359A /* AppDelegate.swift in Sources */ = {isa = PBXBuildFile; fileRef = D1B259A127933F8E00D4359A /* AppDelegate.swift */; };
		D1B259A427933F8E00D4359A /* SceneDelegate.swift in Sources */ = {isa = PBXBuildFile; fileRef = D1B259A327933F8E00D4359A /* SceneDelegate.swift */; };
		D1B259AB27933F9000D4359A /* Assets.xcassets in Resources */ = {isa = PBXBuildFile; fileRef = D1B259AA27933F9000D4359A /* Assets.xcassets */; };
		D1B259AE27933F9000D4359A /* LaunchScreen.storyboard in Resources */ = {isa = PBXBuildFile; fileRef = D1B259AC27933F9000D4359A /* LaunchScreen.storyboard */; };
		D1B259B72793402100D4359A /* MainVC.swift in Sources */ = {isa = PBXBuildFile; fileRef = D1B259B52793402000D4359A /* MainVC.swift */; };
		D1B259B82793402100D4359A /* MainVC.xib in Resources */ = {isa = PBXBuildFile; fileRef = D1B259B62793402100D4359A /* MainVC.xib */; };
		D1B259BD2793457D00D4359A /* MainPresenter.swift in Sources */ = {isa = PBXBuildFile; fileRef = D1B259BC2793457D00D4359A /* MainPresenter.swift */; };
		D1B259BF2793458E00D4359A /* MainModel.swift in Sources */ = {isa = PBXBuildFile; fileRef = D1B259BE2793458E00D4359A /* MainModel.swift */; };
		D1B259C227934F2200D4359A /* SettingsVC.swift in Sources */ = {isa = PBXBuildFile; fileRef = D1B259C027934F2200D4359A /* SettingsVC.swift */; };
		D1B259C327934F2200D4359A /* SettingsVC.xib in Resources */ = {isa = PBXBuildFile; fileRef = D1B259C127934F2200D4359A /* SettingsVC.xib */; };
		D1B259C62793503900D4359A /* SettingsPresenter.swift in Sources */ = {isa = PBXBuildFile; fileRef = D1B259C52793503900D4359A /* SettingsPresenter.swift */; };
		D1B259C82793505300D4359A /* SettingsModel.swift in Sources */ = {isa = PBXBuildFile; fileRef = D1B259C72793505300D4359A /* SettingsModel.swift */; };
		D1B259CC2793513700D4359A /* TabBarVC.swift in Sources */ = {isa = PBXBuildFile; fileRef = D1B259CB2793513700D4359A /* TabBarVC.swift */; };
		D1C0813027C11B4B0000FC54 /* SaveAnswer.swift in Sources */ = {isa = PBXBuildFile; fileRef = D1C0812F27C11B4B0000FC54 /* SaveAnswer.swift */; };
		D1E859D427A5724900B8EB5D /* MainTableViewCell.swift in Sources */ = {isa = PBXBuildFile; fileRef = D1E859D227A5724900B8EB5D /* MainTableViewCell.swift */; };
		D1E859D527A5724900B8EB5D /* MainTableViewCell.xib in Resources */ = {isa = PBXBuildFile; fileRef = D1E859D327A5724900B8EB5D /* MainTableViewCell.xib */; };
		D1E859D727A5728500B8EB5D /* MainTableViewModel.swift in Sources */ = {isa = PBXBuildFile; fileRef = D1E859D627A5728500B8EB5D /* MainTableViewModel.swift */; };
		D1E859E727A81A8E00B8EB5D /* SettingsTableViewCell.swift in Sources */ = {isa = PBXBuildFile; fileRef = D1E859E527A81A8E00B8EB5D /* SettingsTableViewCell.swift */; };
		D1E859E827A81A8E00B8EB5D /* SettingsTableViewCell.xib in Resources */ = {isa = PBXBuildFile; fileRef = D1E859E627A81A8E00B8EB5D /* SettingsTableViewCell.xib */; };
/* End PBXBuildFile section */

/* Begin PBXFileReference section */
		49016D908BBF3EA1F0AC18E2 /* Pods-8-Ball Without Actual Ball.debug.xcconfig */ = {isa = PBXFileReference; includeInIndex = 1; lastKnownFileType = text.xcconfig; name = "Pods-8-Ball Without Actual Ball.debug.xcconfig"; path = "Target Support Files/Pods-8-Ball Without Actual Ball/Pods-8-Ball Without Actual Ball.debug.xcconfig"; sourceTree = "<group>"; };
		54C2653D917907A41CEB2116 /* libPods-8-Ball Without Actual Ball.a */ = {isa = PBXFileReference; explicitFileType = archive.ar; includeInIndex = 0; path = "libPods-8-Ball Without Actual Ball.a"; sourceTree = BUILT_PRODUCTS_DIR; };
		86DF7DCD27A49240008DC47F /* ModelAnswerOnQuestion.swift */ = {isa = PBXFileReference; lastKnownFileType = sourcecode.swift; path = ModelAnswerOnQuestion.swift; sourceTree = "<group>"; };
		D1B2599E27933F8E00D4359A /* 8-Ball Without Actual Ball.app */ = {isa = PBXFileReference; explicitFileType = wrapper.application; includeInIndex = 0; path = "8-Ball Without Actual Ball.app"; sourceTree = BUILT_PRODUCTS_DIR; };
		D1B259A127933F8E00D4359A /* AppDelegate.swift */ = {isa = PBXFileReference; lastKnownFileType = sourcecode.swift; path = AppDelegate.swift; sourceTree = "<group>"; };
		D1B259A327933F8E00D4359A /* SceneDelegate.swift */ = {isa = PBXFileReference; lastKnownFileType = sourcecode.swift; path = SceneDelegate.swift; sourceTree = "<group>"; };
		D1B259AA27933F9000D4359A /* Assets.xcassets */ = {isa = PBXFileReference; lastKnownFileType = folder.assetcatalog; path = Assets.xcassets; sourceTree = "<group>"; };
		D1B259AD27933F9000D4359A /* Base */ = {isa = PBXFileReference; lastKnownFileType = file.storyboard; name = Base; path = Base.lproj/LaunchScreen.storyboard; sourceTree = "<group>"; };
		D1B259AF27933F9000D4359A /* Info.plist */ = {isa = PBXFileReference; lastKnownFileType = text.plist.xml; path = Info.plist; sourceTree = "<group>"; };
		D1B259B52793402000D4359A /* MainVC.swift */ = {isa = PBXFileReference; lastKnownFileType = sourcecode.swift; path = MainVC.swift; sourceTree = "<group>"; };
		D1B259B62793402100D4359A /* MainVC.xib */ = {isa = PBXFileReference; lastKnownFileType = file.xib; path = MainVC.xib; sourceTree = "<group>"; };
		D1B259BC2793457D00D4359A /* MainPresenter.swift */ = {isa = PBXFileReference; lastKnownFileType = sourcecode.swift; path = MainPresenter.swift; sourceTree = "<group>"; };
		D1B259BE2793458E00D4359A /* MainModel.swift */ = {isa = PBXFileReference; lastKnownFileType = sourcecode.swift; path = MainModel.swift; sourceTree = "<group>"; };
		D1B259C027934F2200D4359A /* SettingsVC.swift */ = {isa = PBXFileReference; lastKnownFileType = sourcecode.swift; path = SettingsVC.swift; sourceTree = "<group>"; };
		D1B259C127934F2200D4359A /* SettingsVC.xib */ = {isa = PBXFileReference; lastKnownFileType = file.xib; path = SettingsVC.xib; sourceTree = "<group>"; };
		D1B259C52793503900D4359A /* SettingsPresenter.swift */ = {isa = PBXFileReference; lastKnownFileType = sourcecode.swift; path = SettingsPresenter.swift; sourceTree = "<group>"; };
		D1B259C72793505300D4359A /* SettingsModel.swift */ = {isa = PBXFileReference; lastKnownFileType = sourcecode.swift; path = SettingsModel.swift; sourceTree = "<group>"; };
		D1B259CB2793513700D4359A /* TabBarVC.swift */ = {isa = PBXFileReference; lastKnownFileType = sourcecode.swift; path = TabBarVC.swift; sourceTree = "<group>"; };
		D1C0812F27C11B4B0000FC54 /* SaveAnswer.swift */ = {isa = PBXFileReference; lastKnownFileType = sourcecode.swift; path = SaveAnswer.swift; sourceTree = "<group>"; };
		D1E859D227A5724900B8EB5D /* MainTableViewCell.swift */ = {isa = PBXFileReference; lastKnownFileType = sourcecode.swift; path = MainTableViewCell.swift; sourceTree = "<group>"; };
		D1E859D327A5724900B8EB5D /* MainTableViewCell.xib */ = {isa = PBXFileReference; lastKnownFileType = file.xib; path = MainTableViewCell.xib; sourceTree = "<group>"; };
		D1E859D627A5728500B8EB5D /* MainTableViewModel.swift */ = {isa = PBXFileReference; lastKnownFileType = sourcecode.swift; path = MainTableViewModel.swift; sourceTree = "<group>"; };
		D1E859E527A81A8E00B8EB5D /* SettingsTableViewCell.swift */ = {isa = PBXFileReference; lastKnownFileType = sourcecode.swift; path = SettingsTableViewCell.swift; sourceTree = "<group>"; };
		D1E859E627A81A8E00B8EB5D /* SettingsTableViewCell.xib */ = {isa = PBXFileReference; lastKnownFileType = file.xib; path = SettingsTableViewCell.xib; sourceTree = "<group>"; };
		F38CB6E1ED69052C478132E3 /* Pods-8-Ball Without Actual Ball.release.xcconfig */ = {isa = PBXFileReference; includeInIndex = 1; lastKnownFileType = text.xcconfig; name = "Pods-8-Ball Without Actual Ball.release.xcconfig"; path = "Target Support Files/Pods-8-Ball Without Actual Ball/Pods-8-Ball Without Actual Ball.release.xcconfig"; sourceTree = "<group>"; };
/* End PBXFileReference section */

/* Begin PBXFrameworksBuildPhase section */
		D1B2599B27933F8E00D4359A /* Frameworks */ = {
			isa = PBXFrameworksBuildPhase;
			buildActionMask = 2147483647;
			files = (
				0603EC0B1A24FF6436523989 /* libPods-8-Ball Without Actual Ball.a in Frameworks */,
			);
			runOnlyForDeploymentPostprocessing = 0;
		};
/* End PBXFrameworksBuildPhase section */

/* Begin PBXGroup section */
		7155994952A11A3569BF6508 /* Frameworks */ = {
			isa = PBXGroup;
			children = (
				54C2653D917907A41CEB2116 /* libPods-8-Ball Without Actual Ball.a */,
			);
			name = Frameworks;
			sourceTree = "<group>";
		};
		A06FDC7200155134084F9FED /* Pods */ = {
			isa = PBXGroup;
			children = (
				49016D908BBF3EA1F0AC18E2 /* Pods-8-Ball Without Actual Ball.debug.xcconfig */,
				F38CB6E1ED69052C478132E3 /* Pods-8-Ball Without Actual Ball.release.xcconfig */,
			);
			path = Pods;
			sourceTree = "<group>";
		};
		D1B2599527933F8E00D4359A = {
			isa = PBXGroup;
			children = (
				D1B259A027933F8E00D4359A /* 8-Ball Without Actual Ball */,
				D1B2599F27933F8E00D4359A /* Products */,
				A06FDC7200155134084F9FED /* Pods */,
				7155994952A11A3569BF6508 /* Frameworks */,
			);
			sourceTree = "<group>";
		};
		D1B2599F27933F8E00D4359A /* Products */ = {
			isa = PBXGroup;
			children = (
				D1B2599E27933F8E00D4359A /* 8-Ball Without Actual Ball.app */,
			);
			name = Products;
			sourceTree = "<group>";
		};
		D1B259A027933F8E00D4359A /* 8-Ball Without Actual Ball */ = {
			isa = PBXGroup;
			children = (
				D1B259CA279350F400D4359A /* TabBarVC */,
				D1B259AF27933F9000D4359A /* Info.plist */,
				D1B259BB2793406600D4359A /* Support */,
				D1B259BA2793404D00D4359A /* MainVC */,
				D1B259C427934F2C00D4359A /* SettingsVC */,
				86DF7DCD27A49240008DC47F /* ModelAnswerOnQuestion.swift */,
			);
			path = "8-Ball Without Actual Ball";
			sourceTree = "<group>";
		};
		D1B259BA2793404D00D4359A /* MainVC */ = {
			isa = PBXGroup;
			children = (
				D1B259BE2793458E00D4359A /* MainModel.swift */,
				D1B259BC2793457D00D4359A /* MainPresenter.swift */,
				D1B259B52793402000D4359A /* MainVC.swift */,
				D1B259B62793402100D4359A /* MainVC.xib */,
				D1E859D127A571DE00B8EB5D /* MainTableViewCell */,
			);
			path = MainVC;
			sourceTree = "<group>";
		};
		D1B259BB2793406600D4359A /* Support */ = {
			isa = PBXGroup;
			children = (
				D1B259A127933F8E00D4359A /* AppDelegate.swift */,
				D1B259A327933F8E00D4359A /* SceneDelegate.swift */,
				D1B259AC27933F9000D4359A /* LaunchScreen.storyboard */,
				D1C0812F27C11B4B0000FC54 /* SaveAnswer.swift */,
				D1B259AA27933F9000D4359A /* Assets.xcassets */,
			);
			path = Support;
			sourceTree = "<group>";
		};
		D1B259C427934F2C00D4359A /* SettingsVC */ = {
			isa = PBXGroup;
			children = (
				D1B259C72793505300D4359A /* SettingsModel.swift */,
				D1B259C52793503900D4359A /* SettingsPresenter.swift */,
				D1B259C027934F2200D4359A /* SettingsVC.swift */,
				D1B259C127934F2200D4359A /* SettingsVC.xib */,
				D1E859E427A81A5F00B8EB5D /* MainTableViewCell */,
			);
			path = SettingsVC;
			sourceTree = "<group>";
		};
		D1B259CA279350F400D4359A /* TabBarVC */ = {
			isa = PBXGroup;
			children = (
				D1B259CB2793513700D4359A /* TabBarVC.swift */,
			);
			path = TabBarVC;
			sourceTree = "<group>";
		};
		D1E859D127A571DE00B8EB5D /* MainTableViewCell */ = {
			isa = PBXGroup;
			children = (
				D1E859D627A5728500B8EB5D /* MainTableViewModel.swift */,
				D1E859D227A5724900B8EB5D /* MainTableViewCell.swift */,
				D1E859D327A5724900B8EB5D /* MainTableViewCell.xib */,
			);
			path = MainTableViewCell;
			sourceTree = "<group>";
		};
		D1E859E427A81A5F00B8EB5D /* MainTableViewCell */ = {
			isa = PBXGroup;
			children = (
				D1E859E527A81A8E00B8EB5D /* SettingsTableViewCell.swift */,
				D1E859E627A81A8E00B8EB5D /* SettingsTableViewCell.xib */,
			);
			path = MainTableViewCell;
			sourceTree = "<group>";
		};
/* End PBXGroup section */

/* Begin PBXNativeTarget section */
		D1B2599D27933F8E00D4359A /* 8-Ball Without Actual Ball */ = {
			isa = PBXNativeTarget;
			buildConfigurationList = D1B259B227933F9000D4359A /* Build configuration list for PBXNativeTarget "8-Ball Without Actual Ball" */;
			buildPhases = (
				D1C0813227C6E6300000FC54 /* ShellScript */,
				D1C0813127C6E2E60000FC54 /* ShellScript */,
				2C3239D889BEB1FF915B60ED /* [CP] Check Pods Manifest.lock */,
				D1B2599A27933F8E00D4359A /* Sources */,
				D1B2599B27933F8E00D4359A /* Frameworks */,
				D1B2599C27933F8E00D4359A /* Resources */,
			);
			buildRules = (
			);
			dependencies = (
			);
			name = "8-Ball Without Actual Ball";
			productName = "8-Ball Without Actual Ball";
			productReference = D1B2599E27933F8E00D4359A /* 8-Ball Without Actual Ball.app */;
			productType = "com.apple.product-type.application";
		};
/* End PBXNativeTarget section */

/* Begin PBXProject section */
		D1B2599627933F8E00D4359A /* Project object */ = {
			isa = PBXProject;
			attributes = {
				BuildIndependentTargetsInParallel = 1;
				LastSwiftUpdateCheck = 1310;
				LastUpgradeCheck = 1310;
				TargetAttributes = {
					D1B2599D27933F8E00D4359A = {
						CreatedOnToolsVersion = 13.1;
					};
				};
			};
			buildConfigurationList = D1B2599927933F8E00D4359A /* Build configuration list for PBXProject "8-Ball Without Actual Ball" */;
			compatibilityVersion = "Xcode 13.0";
			developmentRegion = en;
			hasScannedForEncodings = 0;
			knownRegions = (
				en,
				Base,
			);
			mainGroup = D1B2599527933F8E00D4359A;
			productRefGroup = D1B2599F27933F8E00D4359A /* Products */;
			projectDirPath = "";
			projectRoot = "";
			targets = (
				D1B2599D27933F8E00D4359A /* 8-Ball Without Actual Ball */,
			);
		};
/* End PBXProject section */

/* Begin PBXResourcesBuildPhase section */
		D1B2599C27933F8E00D4359A /* Resources */ = {
			isa = PBXResourcesBuildPhase;
			buildActionMask = 2147483647;
			files = (
				D1E859E827A81A8E00B8EB5D /* SettingsTableViewCell.xib in Resources */,
				D1B259B82793402100D4359A /* MainVC.xib in Resources */,
				D1B259C327934F2200D4359A /* SettingsVC.xib in Resources */,
				D1B259AE27933F9000D4359A /* LaunchScreen.storyboard in Resources */,
				D1B259AB27933F9000D4359A /* Assets.xcassets in Resources */,
				D1E859D527A5724900B8EB5D /* MainTableViewCell.xib in Resources */,
			);
			runOnlyForDeploymentPostprocessing = 0;
		};
/* End PBXResourcesBuildPhase section */

/* Begin PBXShellScriptBuildPhase section */
		2C3239D889BEB1FF915B60ED /* [CP] Check Pods Manifest.lock */ = {
			isa = PBXShellScriptBuildPhase;
			buildActionMask = 2147483647;
			files = (
			);
			inputFileListPaths = (
			);
			inputPaths = (
				"${PODS_PODFILE_DIR_PATH}/Podfile.lock",
				"${PODS_ROOT}/Manifest.lock",
			);
			name = "[CP] Check Pods Manifest.lock";
			outputFileListPaths = (
			);
			outputPaths = (
				"$(DERIVED_FILE_DIR)/Pods-8-Ball Without Actual Ball-checkManifestLockResult.txt",
			);
			runOnlyForDeploymentPostprocessing = 0;
			shellPath = /bin/sh;
			shellScript = "diff \"${PODS_PODFILE_DIR_PATH}/Podfile.lock\" \"${PODS_ROOT}/Manifest.lock\" > /dev/null\nif [ $? != 0 ] ; then\n    # print error to STDERR\n    echo \"error: The sandbox is not in sync with the Podfile.lock. Run 'pod install' or update your CocoaPods installation.\" >&2\n    exit 1\nfi\n# This output is used by Xcode 'outputs' to avoid re-running this script phase.\necho \"SUCCESS\" > \"${SCRIPT_OUTPUT_FILE_0}\"\n";
			showEnvVarsInLog = 0;
		};
		D1C0813127C6E2E60000FC54 /* ShellScript */ = {
			isa = PBXShellScriptBuildPhase;
			buildActionMask = 12;
			files = (
			);
			inputFileListPaths = (
			);
			inputPaths = (
			);
			outputFileListPaths = (
			);
			outputPaths = (
			);
			runOnlyForDeploymentPostprocessing = 0;
			shellPath = /bin/sh;
			shellScript = "${PODS_ROOT}/SwiftLint/swiftlint\n";
		};
		D1C0813227C6E6300000FC54 /* ShellScript */ = {
			isa = PBXShellScriptBuildPhase;
			buildActionMask = 2147483647;
			files = (
			);
			inputFileListPaths = (
			);
			inputPaths = (
			);
			outputFileListPaths = (
			);
			outputPaths = (
			);
			runOnlyForDeploymentPostprocessing = 0;
			shellPath = /bin/sh;
			shellScript = "if [[ -f \"${PODS_ROOT}/SwiftGen/bin/swiftgen\" ]]; then\n  \"${PODS_ROOT}/SwiftGen/bin/swiftgen\" …\nelse\n  echo \"warning: SwiftGen is not installed. Run 'pod install --repo-update' to install it.\"\nfi\n";
		};
/* End PBXShellScriptBuildPhase section */

/* Begin PBXSourcesBuildPhase section */
		D1B2599A27933F8E00D4359A /* Sources */ = {
			isa = PBXSourcesBuildPhase;
			buildActionMask = 2147483647;
			files = (
				D1E859D427A5724900B8EB5D /* MainTableViewCell.swift in Sources */,
				D1B259C82793505300D4359A /* SettingsModel.swift in Sources */,
				D1B259A227933F8E00D4359A /* AppDelegate.swift in Sources */,
				D1B259B72793402100D4359A /* MainVC.swift in Sources */,
				D1E859D727A5728500B8EB5D /* MainTableViewModel.swift in Sources */,
				D1E859E727A81A8E00B8EB5D /* SettingsTableViewCell.swift in Sources */,
				D1B259A427933F8E00D4359A /* SceneDelegate.swift in Sources */,
				D1B259CC2793513700D4359A /* TabBarVC.swift in Sources */,
				D1C0813027C11B4B0000FC54 /* SaveAnswer.swift in Sources */,
				D1B259BF2793458E00D4359A /* MainModel.swift in Sources */,
				86DF7DCE27A49240008DC47F /* ModelAnswerOnQuestion.swift in Sources */,
				D1B259BD2793457D00D4359A /* MainPresenter.swift in Sources */,
				D1B259C227934F2200D4359A /* SettingsVC.swift in Sources */,
				D1B259C62793503900D4359A /* SettingsPresenter.swift in Sources */,
			);
			runOnlyForDeploymentPostprocessing = 0;
		};
/* End PBXSourcesBuildPhase section */

/* Begin PBXVariantGroup section */
		D1B259AC27933F9000D4359A /* LaunchScreen.storyboard */ = {
			isa = PBXVariantGroup;
			children = (
				D1B259AD27933F9000D4359A /* Base */,
			);
			name = LaunchScreen.storyboard;
			sourceTree = "<group>";
		};
/* End PBXVariantGroup section */

/* Begin XCBuildConfiguration section */
		D1B259B027933F9000D4359A /* Debug */ = {
			isa = XCBuildConfiguration;
			buildSettings = {
				ALWAYS_SEARCH_USER_PATHS = NO;
				CLANG_ANALYZER_NONNULL = YES;
				CLANG_ANALYZER_NUMBER_OBJECT_CONVERSION = YES_AGGRESSIVE;
				CLANG_CXX_LANGUAGE_STANDARD = "gnu++17";
				CLANG_CXX_LIBRARY = "libc++";
				CLANG_ENABLE_MODULES = YES;
				CLANG_ENABLE_OBJC_ARC = YES;
				CLANG_ENABLE_OBJC_WEAK = YES;
				CLANG_WARN_BLOCK_CAPTURE_AUTORELEASING = YES;
				CLANG_WARN_BOOL_CONVERSION = YES;
				CLANG_WARN_COMMA = YES;
				CLANG_WARN_CONSTANT_CONVERSION = YES;
				CLANG_WARN_DEPRECATED_OBJC_IMPLEMENTATIONS = YES;
				CLANG_WARN_DIRECT_OBJC_ISA_USAGE = YES_ERROR;
				CLANG_WARN_DOCUMENTATION_COMMENTS = YES;
				CLANG_WARN_EMPTY_BODY = YES;
				CLANG_WARN_ENUM_CONVERSION = YES;
				CLANG_WARN_INFINITE_RECURSION = YES;
				CLANG_WARN_INT_CONVERSION = YES;
				CLANG_WARN_NON_LITERAL_NULL_CONVERSION = YES;
				CLANG_WARN_OBJC_IMPLICIT_RETAIN_SELF = YES;
				CLANG_WARN_OBJC_LITERAL_CONVERSION = YES;
				CLANG_WARN_OBJC_ROOT_CLASS = YES_ERROR;
				CLANG_WARN_QUOTED_INCLUDE_IN_FRAMEWORK_HEADER = YES;
				CLANG_WARN_RANGE_LOOP_ANALYSIS = YES;
				CLANG_WARN_STRICT_PROTOTYPES = YES;
				CLANG_WARN_SUSPICIOUS_MOVE = YES;
				CLANG_WARN_UNGUARDED_AVAILABILITY = YES_AGGRESSIVE;
				CLANG_WARN_UNREACHABLE_CODE = YES;
				CLANG_WARN__DUPLICATE_METHOD_MATCH = YES;
				COPY_PHASE_STRIP = NO;
				DEBUG_INFORMATION_FORMAT = dwarf;
				ENABLE_STRICT_OBJC_MSGSEND = YES;
				ENABLE_TESTABILITY = YES;
				GCC_C_LANGUAGE_STANDARD = gnu11;
				GCC_DYNAMIC_NO_PIC = NO;
				GCC_NO_COMMON_BLOCKS = YES;
				GCC_OPTIMIZATION_LEVEL = 0;
				GCC_PREPROCESSOR_DEFINITIONS = (
					"DEBUG=1",
					"$(inherited)",
				);
				GCC_WARN_64_TO_32_BIT_CONVERSION = YES;
				GCC_WARN_ABOUT_RETURN_TYPE = YES_ERROR;
				GCC_WARN_UNDECLARED_SELECTOR = YES;
				GCC_WARN_UNINITIALIZED_AUTOS = YES_AGGRESSIVE;
				GCC_WARN_UNUSED_FUNCTION = YES;
				GCC_WARN_UNUSED_VARIABLE = YES;
				IPHONEOS_DEPLOYMENT_TARGET = 15.0;
				MTL_ENABLE_DEBUG_INFO = INCLUDE_SOURCE;
				MTL_FAST_MATH = YES;
				ONLY_ACTIVE_ARCH = YES;
				SDKROOT = iphoneos;
				SWIFT_ACTIVE_COMPILATION_CONDITIONS = DEBUG;
				SWIFT_OPTIMIZATION_LEVEL = "-Onone";
			};
			name = Debug;
		};
		D1B259B127933F9000D4359A /* Release */ = {
			isa = XCBuildConfiguration;
			buildSettings = {
				ALWAYS_SEARCH_USER_PATHS = NO;
				CLANG_ANALYZER_NONNULL = YES;
				CLANG_ANALYZER_NUMBER_OBJECT_CONVERSION = YES_AGGRESSIVE;
				CLANG_CXX_LANGUAGE_STANDARD = "gnu++17";
				CLANG_CXX_LIBRARY = "libc++";
				CLANG_ENABLE_MODULES = YES;
				CLANG_ENABLE_OBJC_ARC = YES;
				CLANG_ENABLE_OBJC_WEAK = YES;
				CLANG_WARN_BLOCK_CAPTURE_AUTORELEASING = YES;
				CLANG_WARN_BOOL_CONVERSION = YES;
				CLANG_WARN_COMMA = YES;
				CLANG_WARN_CONSTANT_CONVERSION = YES;
				CLANG_WARN_DEPRECATED_OBJC_IMPLEMENTATIONS = YES;
				CLANG_WARN_DIRECT_OBJC_ISA_USAGE = YES_ERROR;
				CLANG_WARN_DOCUMENTATION_COMMENTS = YES;
				CLANG_WARN_EMPTY_BODY = YES;
				CLANG_WARN_ENUM_CONVERSION = YES;
				CLANG_WARN_INFINITE_RECURSION = YES;
				CLANG_WARN_INT_CONVERSION = YES;
				CLANG_WARN_NON_LITERAL_NULL_CONVERSION = YES;
				CLANG_WARN_OBJC_IMPLICIT_RETAIN_SELF = YES;
				CLANG_WARN_OBJC_LITERAL_CONVERSION = YES;
				CLANG_WARN_OBJC_ROOT_CLASS = YES_ERROR;
				CLANG_WARN_QUOTED_INCLUDE_IN_FRAMEWORK_HEADER = YES;
				CLANG_WARN_RANGE_LOOP_ANALYSIS = YES;
				CLANG_WARN_STRICT_PROTOTYPES = YES;
				CLANG_WARN_SUSPICIOUS_MOVE = YES;
				CLANG_WARN_UNGUARDED_AVAILABILITY = YES_AGGRESSIVE;
				CLANG_WARN_UNREACHABLE_CODE = YES;
				CLANG_WARN__DUPLICATE_METHOD_MATCH = YES;
				COPY_PHASE_STRIP = NO;
				DEBUG_INFORMATION_FORMAT = "dwarf-with-dsym";
				ENABLE_NS_ASSERTIONS = NO;
				ENABLE_STRICT_OBJC_MSGSEND = YES;
				GCC_C_LANGUAGE_STANDARD = gnu11;
				GCC_NO_COMMON_BLOCKS = YES;
				GCC_WARN_64_TO_32_BIT_CONVERSION = YES;
				GCC_WARN_ABOUT_RETURN_TYPE = YES_ERROR;
				GCC_WARN_UNDECLARED_SELECTOR = YES;
				GCC_WARN_UNINITIALIZED_AUTOS = YES_AGGRESSIVE;
				GCC_WARN_UNUSED_FUNCTION = YES;
				GCC_WARN_UNUSED_VARIABLE = YES;
				IPHONEOS_DEPLOYMENT_TARGET = 15.0;
				MTL_ENABLE_DEBUG_INFO = NO;
				MTL_FAST_MATH = YES;
				SDKROOT = iphoneos;
				SWIFT_COMPILATION_MODE = wholemodule;
				SWIFT_OPTIMIZATION_LEVEL = "-O";
				VALIDATE_PRODUCT = YES;
			};
			name = Release;
		};
		D1B259B327933F9000D4359A /* Debug */ = {
			isa = XCBuildConfiguration;
			baseConfigurationReference = 49016D908BBF3EA1F0AC18E2 /* Pods-8-Ball Without Actual Ball.debug.xcconfig */;
			buildSettings = {
				ASSETCATALOG_COMPILER_APPICON_NAME = AppIcon;
				ASSETCATALOG_COMPILER_GLOBAL_ACCENT_COLOR_NAME = AccentColor;
				CODE_SIGN_STYLE = Automatic;
				CURRENT_PROJECT_VERSION = 1;
				DEVELOPMENT_TEAM = 6W997NU935;
				GENERATE_INFOPLIST_FILE = YES;
				INFOPLIST_FILE = "8-Ball Without Actual Ball/Info.plist";
				INFOPLIST_KEY_UIApplicationSupportsIndirectInputEvents = YES;
				INFOPLIST_KEY_UILaunchStoryboardName = LaunchScreen;
				INFOPLIST_KEY_UISupportedInterfaceOrientations_iPad = "UIInterfaceOrientationPortrait UIInterfaceOrientationPortraitUpsideDown UIInterfaceOrientationLandscapeLeft UIInterfaceOrientationLandscapeRight";
				INFOPLIST_KEY_UISupportedInterfaceOrientations_iPhone = "UIInterfaceOrientationPortrait UIInterfaceOrientationLandscapeLeft UIInterfaceOrientationLandscapeRight";
				LD_RUNPATH_SEARCH_PATHS = (
					"$(inherited)",
					"@executable_path/Frameworks",
				);
				MARKETING_VERSION = 1.0;
				PRODUCT_BUNDLE_IDENTIFIER = "LianaChuprina.--Ball-Without-Actual-Ball";
				PRODUCT_NAME = "$(TARGET_NAME)";
				SWIFT_EMIT_LOC_STRINGS = YES;
				SWIFT_VERSION = 5.0;
				TARGETED_DEVICE_FAMILY = 1;
			};
			name = Debug;
		};
		D1B259B427933F9000D4359A /* Release */ = {
			isa = XCBuildConfiguration;
			baseConfigurationReference = F38CB6E1ED69052C478132E3 /* Pods-8-Ball Without Actual Ball.release.xcconfig */;
			buildSettings = {
				ASSETCATALOG_COMPILER_APPICON_NAME = AppIcon;
				ASSETCATALOG_COMPILER_GLOBAL_ACCENT_COLOR_NAME = AccentColor;
				CODE_SIGN_STYLE = Automatic;
				CURRENT_PROJECT_VERSION = 1;
				DEVELOPMENT_TEAM = 6W997NU935;
				GENERATE_INFOPLIST_FILE = YES;
				INFOPLIST_FILE = "8-Ball Without Actual Ball/Info.plist";
				INFOPLIST_KEY_UIApplicationSupportsIndirectInputEvents = YES;
				INFOPLIST_KEY_UILaunchStoryboardName = LaunchScreen;
				INFOPLIST_KEY_UISupportedInterfaceOrientations_iPad = "UIInterfaceOrientationPortrait UIInterfaceOrientationPortraitUpsideDown UIInterfaceOrientationLandscapeLeft UIInterfaceOrientationLandscapeRight";
				INFOPLIST_KEY_UISupportedInterfaceOrientations_iPhone = "UIInterfaceOrientationPortrait UIInterfaceOrientationLandscapeLeft UIInterfaceOrientationLandscapeRight";
				LD_RUNPATH_SEARCH_PATHS = (
					"$(inherited)",
					"@executable_path/Frameworks",
				);
				MARKETING_VERSION = 1.0;
				PRODUCT_BUNDLE_IDENTIFIER = "LianaChuprina.--Ball-Without-Actual-Ball";
				PRODUCT_NAME = "$(TARGET_NAME)";
				SWIFT_EMIT_LOC_STRINGS = YES;
				SWIFT_VERSION = 5.0;
				TARGETED_DEVICE_FAMILY = 1;
			};
			name = Release;
		};
/* End XCBuildConfiguration section */

/* Begin XCConfigurationList section */
		D1B2599927933F8E00D4359A /* Build configuration list for PBXProject "8-Ball Without Actual Ball" */ = {
			isa = XCConfigurationList;
			buildConfigurations = (
				D1B259B027933F9000D4359A /* Debug */,
				D1B259B127933F9000D4359A /* Release */,
			);
			defaultConfigurationIsVisible = 0;
			defaultConfigurationName = Release;
		};
		D1B259B227933F9000D4359A /* Build configuration list for PBXNativeTarget "8-Ball Without Actual Ball" */ = {
			isa = XCConfigurationList;
			buildConfigurations = (
				D1B259B327933F9000D4359A /* Debug */,
				D1B259B427933F9000D4359A /* Release */,
			);
			defaultConfigurationIsVisible = 0;
			defaultConfigurationName = Release;
		};
/* End XCConfigurationList section */
	};
	rootObject = D1B2599627933F8E00D4359A /* Project object */;
}
